
Microsoft Visual Studio Solution File, Format Version 12.00
# Visual Studio Version 17
VisualStudioVersion = 17.14.36603.0 d17.14
MinimumVisualStudioVersion = 10.0.40219.1
Project("{FAE04EC0-301F-11D3-BF4B-00C04F79EFBC}") = "GUI", "TP-DAS\GUI.csproj", "{F37E72B7-7C47-4E5E-BD27-401A60B0AD32}"
EndProject
Project("{FAE04EC0-301F-11D3-BF4B-00C04F79EFBC}") = "DAL", "DAL\DAL.csproj", "{6A29C18A-BDD9-4839-863F-442C4D500034}"
EndProject
Project("{FAE04EC0-301F-11D3-BF4B-00C04F79EFBC}") = "BE", "BE\BE.csproj", "{0DF1BC47-E992-410F-8D9E-E636A78C7BA3}"
EndProject
Project("{FAE04EC0-301F-11D3-BF4B-00C04F79EFBC}") = "BLL", "BLL\BLL.csproj", "{74B0C299-BC3E-49AC-8156-895C94DC7D6B}"
EndProject
Global
	GlobalSection(SolutionConfigurationPlatforms) = preSolution
		Debug|Any CPU = Debug|Any CPU
		Release|Any CPU = Release|Any CPU
	EndGlobalSection
	GlobalSection(ProjectConfigurationPlatforms) = postSolution
		{F37E72B7-7C47-4E5E-BD27-401A60B0AD32}.Debug|Any CPU.ActiveCfg = Debug|Any CPU
		{F37E72B7-7C47-4E5E-BD27-401A60B0AD32}.Debug|Any CPU.Build.0 = Debug|Any CPU
		{F37E72B7-7C47-4E5E-BD27-401A60B0AD32}.Release|Any CPU.ActiveCfg = Release|Any CPU
		{F37E72B7-7C47-4E5E-BD27-401A60B0AD32}.Release|Any CPU.Build.0 = Release|Any CPU
		{6A29C18A-BDD9-4839-863F-442C4D500034}.Debug|Any CPU.ActiveCfg = Debug|Any CPU
		{6A29C18A-BDD9-4839-863F-442C4D500034}.Debug|Any CPU.Build.0 = Debug|Any CPU
		{6A29C18A-BDD9-4839-863F-442C4D500034}.Release|Any CPU.ActiveCfg = Release|Any CPU
		{6A29C18A-BDD9-4839-863F-442C4D500034}.Release|Any CPU.Build.0 = Release|Any CPU
		{0DF1BC47-E992-410F-8D9E-E636A78C7BA3}.Debug|Any CPU.ActiveCfg = Debug|Any CPU
		{0DF1BC47-E992-410F-8D9E-E636A78C7BA3}.Debug|Any CPU.Build.0 = Debug|Any CPU
		{0DF1BC47-E992-410F-8D9E-E636A78C7BA3}.Release|Any CPU.ActiveCfg = Release|Any CPU
		{0DF1BC47-E992-410F-8D9E-E636A78C7BA3}.Release|Any CPU.Build.0 = Release|Any CPU
		{74B0C299-BC3E-49AC-8156-895C94DC7D6B}.Debug|Any CPU.ActiveCfg = Debug|Any CPU
		{74B0C299-BC3E-49AC-8156-895C94DC7D6B}.Debug|Any CPU.Build.0 = Debug|Any CPU
		{74B0C299-BC3E-49AC-8156-895C94DC7D6B}.Release|Any CPU.ActiveCfg = Release|Any CPU
		{74B0C299-BC3E-49AC-8156-895C94DC7D6B}.Release|Any CPU.Build.0 = Release|Any CPU
	EndGlobalSection
	GlobalSection(SolutionProperties) = preSolution
		HideSolutionNode = FALSE
	EndGlobalSection
	GlobalSection(ExtensibilityGlobals) = postSolution
		SolutionGuid = {49233485-F607-49D1-A54E-E26887328449}
	EndGlobalSection
EndGlobal
